
Microsoft Visual Studio Solution File, Format Version 12.00
# Visual Studio Version 17
VisualStudioVersion = 17.3.32922.545
MinimumVisualStudioVersion = 10.0.40219.1
Project("{FAE04EC0-301F-11D3-BF4B-00C04F79EFBC}") = "Lesson4Mass", "Lesson4Mass.csproj", "{58337B31-1089-45B8-93D7-35086F92262D}"
EndProject
Global
	GlobalSection(SolutionConfigurationPlatforms) = preSolution
		Debug|Any CPU = Debug|Any CPU
		Release|Any CPU = Release|Any CPU
	EndGlobalSection
	GlobalSection(ProjectConfigurationPlatforms) = postSolution
		{58337B31-1089-45B8-93D7-35086F92262D}.Debug|Any CPU.ActiveCfg = Debug|Any CPU
		{58337B31-1089-45B8-93D7-35086F92262D}.Debug|Any CPU.Build.0 = Debug|Any CPU
		{58337B31-1089-45B8-93D7-35086F92262D}.Release|Any CPU.ActiveCfg = Release|Any CPU
		{58337B31-1089-45B8-93D7-35086F92262D}.Release|Any CPU.Build.0 = Release|Any CPU
	EndGlobalSection
	GlobalSection(SolutionProperties) = preSolution
		HideSolutionNode = FALSE
	EndGlobalSection
	GlobalSection(ExtensibilityGlobals) = postSolution
		SolutionGuid = {F40E85CC-3458-4DCA-BA8B-69AE572C5F1E}
	EndGlobalSection
EndGlobal
